
Microsoft Visual Studio Solution File, Format Version 12.00
# Visual Studio Version 16
VisualStudioVersion = 16.0.29806.167
MinimumVisualStudioVersion = 10.0.40219.1
Project("{888888A0-9F3D-457C-B088-3A5042F75D52}") = "ai_engine", "ai_engine\ai_engine.pyproj", "{D7A557F1-D947-474E-BC8D-01FF8A50FFBD}"
EndProject
Project("{888888A0-9F3D-457C-B088-3A5042F75D52}") = "ai_engine_unit_test", "ai_engine_unit_test\ai_engine_unit_test.pyproj", "{508A3410-B179-4210-A4CE-9238A8E1AEBF}"
EndProject
Project("{888888A0-9F3D-457C-B088-3A5042F75D52}") = "ai_api", "ai_api\ai_api.pyproj", "{2F6F895A-B153-4C7F-BCA3-1E81133EE007}"
EndProject
Global
	GlobalSection(SolutionConfigurationPlatforms) = preSolution
		Debug|Any CPU = Debug|Any CPU
		Release|Any CPU = Release|Any CPU
	EndGlobalSection
	GlobalSection(ProjectConfigurationPlatforms) = postSolution
		{D7A557F1-D947-474E-BC8D-01FF8A50FFBD}.Debug|Any CPU.ActiveCfg = Debug|Any CPU
		{D7A557F1-D947-474E-BC8D-01FF8A50FFBD}.Release|Any CPU.ActiveCfg = Release|Any CPU
		{508A3410-B179-4210-A4CE-9238A8E1AEBF}.Debug|Any CPU.ActiveCfg = Debug|Any CPU
		{508A3410-B179-4210-A4CE-9238A8E1AEBF}.Release|Any CPU.ActiveCfg = Release|Any CPU
		{2F6F895A-B153-4C7F-BCA3-1E81133EE007}.Debug|Any CPU.ActiveCfg = Debug|Any CPU
		{2F6F895A-B153-4C7F-BCA3-1E81133EE007}.Debug|Any CPU.Build.0 = Debug|Any CPU
		{2F6F895A-B153-4C7F-BCA3-1E81133EE007}.Release|Any CPU.ActiveCfg = Release|Any CPU
		{2F6F895A-B153-4C7F-BCA3-1E81133EE007}.Release|Any CPU.Build.0 = Release|Any CPU
	EndGlobalSection
	GlobalSection(SolutionProperties) = preSolution
		HideSolutionNode = FALSE
	EndGlobalSection
	GlobalSection(ExtensibilityGlobals) = postSolution
		SolutionGuid = {34E3AF09-416F-4171-A692-FF8F2F6690F5}
	EndGlobalSection
EndGlobal
